
Microsoft Visual Studio Solution File, Format Version 12.00
# Visual Studio Version 17
VisualStudioVersion = 17.14.36518.9
MinimumVisualStudioVersion = 10.0.40219.1
Project("{FAE04EC0-301F-11D3-BF4B-00C04F79EFBC}") = "DataGrid_1", "DataGrid_1\DataGrid_1.csproj", "{7075C269-78B8-4274-8833-3955E5C97E29}"
	ProjectSection(ProjectDependencies) = postProject
		{AA5FBB41-EDAE-41B0-B984-85C548A50F46} = {AA5FBB41-EDAE-41B0-B984-85C548A50F46}
	EndProjectSection
EndProject
Project("{FAE04EC0-301F-11D3-BF4B-00C04F79EFBC}") = "DataGridLib", "DataGridLib\DataGridLib.csproj", "{5950D260-1179-46AE-8320-96A21C85073D}"
EndProject
Project("{FAE04EC0-301F-11D3-BF4B-00C04F79EFBC}") = "AccountLib", "AccountLib\AccountLib.csproj", "{AA5FBB41-EDAE-41B0-B984-85C548A50F46}"
EndProject
Project("{FAE04EC0-301F-11D3-BF4B-00C04F79EFBC}") = "BackofficeConsole", "BackofficeConsole\BackofficeConsole.csproj", "{FEE1D747-F15C-42AA-9BA2-1A4E4BE11EBC}"
EndProject
Global
	GlobalSection(SolutionConfigurationPlatforms) = preSolution
		Debug|Any CPU = Debug|Any CPU
		Release|Any CPU = Release|Any CPU
	EndGlobalSection
	GlobalSection(ProjectConfigurationPlatforms) = postSolution
		{7075C269-78B8-4274-8833-3955E5C97E29}.Debug|Any CPU.ActiveCfg = Debug|Any CPU
		{7075C269-78B8-4274-8833-3955E5C97E29}.Debug|Any CPU.Build.0 = Debug|Any CPU
		{7075C269-78B8-4274-8833-3955E5C97E29}.Release|Any CPU.ActiveCfg = Release|Any CPU
		{7075C269-78B8-4274-8833-3955E5C97E29}.Release|Any CPU.Build.0 = Release|Any CPU
		{5950D260-1179-46AE-8320-96A21C85073D}.Debug|Any CPU.ActiveCfg = Debug|Any CPU
		{5950D260-1179-46AE-8320-96A21C85073D}.Debug|Any CPU.Build.0 = Debug|Any CPU
		{5950D260-1179-46AE-8320-96A21C85073D}.Release|Any CPU.ActiveCfg = Release|Any CPU
		{5950D260-1179-46AE-8320-96A21C85073D}.Release|Any CPU.Build.0 = Release|Any CPU
		{AA5FBB41-EDAE-41B0-B984-85C548A50F46}.Debug|Any CPU.ActiveCfg = Debug|Any CPU
		{AA5FBB41-EDAE-41B0-B984-85C548A50F46}.Debug|Any CPU.Build.0 = Debug|Any CPU
		{AA5FBB41-EDAE-41B0-B984-85C548A50F46}.Release|Any CPU.ActiveCfg = Release|Any CPU
		{AA5FBB41-EDAE-41B0-B984-85C548A50F46}.Release|Any CPU.Build.0 = Release|Any CPU
		{FEE1D747-F15C-42AA-9BA2-1A4E4BE11EBC}.Debug|Any CPU.ActiveCfg = Debug|Any CPU
		{FEE1D747-F15C-42AA-9BA2-1A4E4BE11EBC}.Debug|Any CPU.Build.0 = Debug|Any CPU
		{FEE1D747-F15C-42AA-9BA2-1A4E4BE11EBC}.Release|Any CPU.ActiveCfg = Release|Any CPU
		{FEE1D747-F15C-42AA-9BA2-1A4E4BE11EBC}.Release|Any CPU.Build.0 = Release|Any CPU
	EndGlobalSection
	GlobalSection(SolutionProperties) = preSolution
		HideSolutionNode = FALSE
	EndGlobalSection
	GlobalSection(ExtensibilityGlobals) = postSolution
		SolutionGuid = {91613E90-9D32-4316-9A33-845A2D49F332}
	EndGlobalSection
EndGlobal
